{
  "name": "Smart-AI",
  "lockfileVersion": 3,
  "requires": true,
  "packages": {
    "": {
      "dependencies": {
        "@fontsource-variable/plus-jakarta-sans": "^5.0.21"
      }
    },
    "node_modules/@fontsource-variable/plus-jakarta-sans": {
      "version": "5.0.21",
      "resolved": "https://registry.npmjs.org/@fontsource-variable/plus-jakarta-sans/-/plus-jakarta-sans-5.0.21.tgz",
      "integrity": "sha512-VTQB+MnaYbjLNmfxQJ/Fc2rayLGlqTiZa6nZTpplS0lJF3XKcWPPItilGFMZW4lfwIiroo+FIfBewBOF3MrMPQ=="
    }
  }
}
